
Microsoft Visual Studio Solution File, Format Version 12.00
# Visual Studio 15
VisualStudioVersion = 15.0.26124.0
MinimumVisualStudioVersion = 15.0.26124.0
Project("{9A19103F-16F7-4668-BE54-9A1E7A4F7556}") = "GatewayToS3Function", "GatewayToS3Function\GatewayToS3Function.csproj", "{C1726B89-102B-4E51-87C2-4A346285D58C}"
EndProject
Project("{9A19103F-16F7-4668-BE54-9A1E7A4F7556}") = "SecureFileUpload.Tests", "SecureFileUpload.Tests\SecureFileUpload.Tests.csproj", "{D5971AA1-347C-4DB9-8A05-C2F60A9B5E32}"
EndProject
Global
	GlobalSection(SolutionConfigurationPlatforms) = preSolution
		Debug|Any CPU = Debug|Any CPU
		Debug|x64 = Debug|x64
		Debug|x86 = Debug|x86
		Release|Any CPU = Release|Any CPU
		Release|x64 = Release|x64
		Release|x86 = Release|x86
	EndGlobalSection
	GlobalSection(ProjectConfigurationPlatforms) = postSolution
		{C1726B89-102B-4E51-87C2-4A346285D58C}.Debug|Any CPU.ActiveCfg = Debug|Any CPU
		{C1726B89-102B-4E51-87C2-4A346285D58C}.Debug|Any CPU.Build.0 = Debug|Any CPU
		{C1726B89-102B-4E51-87C2-4A346285D58C}.Debug|x64.ActiveCfg = Debug|Any CPU
		{C1726B89-102B-4E51-87C2-4A346285D58C}.Debug|x64.Build.0 = Debug|Any CPU
		{C1726B89-102B-4E51-87C2-4A346285D58C}.Debug|x86.ActiveCfg = Debug|Any CPU
		{C1726B89-102B-4E51-87C2-4A346285D58C}.Debug|x86.Build.0 = Debug|Any CPU
		{C1726B89-102B-4E51-87C2-4A346285D58C}.Release|Any CPU.ActiveCfg = Release|Any CPU
		{C1726B89-102B-4E51-87C2-4A346285D58C}.Release|Any CPU.Build.0 = Release|Any CPU
		{C1726B89-102B-4E51-87C2-4A346285D58C}.Release|x64.ActiveCfg = Release|Any CPU
		{C1726B89-102B-4E51-87C2-4A346285D58C}.Release|x64.Build.0 = Release|Any CPU
		{C1726B89-102B-4E51-87C2-4A346285D58C}.Release|x86.ActiveCfg = Release|Any CPU
		{C1726B89-102B-4E51-87C2-4A346285D58C}.Release|x86.Build.0 = Release|Any CPU
		{D5971AA1-347C-4DB9-8A05-C2F60A9B5E32}.Debug|Any CPU.ActiveCfg = Debug|Any CPU
		{D5971AA1-347C-4DB9-8A05-C2F60A9B5E32}.Debug|Any CPU.Build.0 = Debug|Any CPU
		{D5971AA1-347C-4DB9-8A05-C2F60A9B5E32}.Debug|x64.ActiveCfg = Debug|Any CPU
		{D5971AA1-347C-4DB9-8A05-C2F60A9B5E32}.Debug|x64.Build.0 = Debug|Any CPU
		{D5971AA1-347C-4DB9-8A05-C2F60A9B5E32}.Debug|x86.ActiveCfg = Debug|Any CPU
		{D5971AA1-347C-4DB9-8A05-C2F60A9B5E32}.Debug|x86.Build.0 = Debug|Any CPU
		{D5971AA1-347C-4DB9-8A05-C2F60A9B5E32}.Release|Any CPU.ActiveCfg = Release|Any CPU
		{D5971AA1-347C-4DB9-8A05-C2F60A9B5E32}.Release|Any CPU.Build.0 = Release|Any CPU
		{D5971AA1-347C-4DB9-8A05-C2F60A9B5E32}.Release|x64.ActiveCfg = Release|Any CPU
		{D5971AA1-347C-4DB9-8A05-C2F60A9B5E32}.Release|x64.Build.0 = Release|Any CPU
		{D5971AA1-347C-4DB9-8A05-C2F60A9B5E32}.Release|x86.ActiveCfg = Release|Any CPU
		{D5971AA1-347C-4DB9-8A05-C2F60A9B5E32}.Release|x86.Build.0 = Release|Any CPU
	EndGlobalSection
	GlobalSection(SolutionProperties) = preSolution
		HideSolutionNode = FALSE
	EndGlobalSection
	GlobalSection(ExtensibilityGlobals) = postSolution
		SolutionGuid = {42200C7A-953D-4809-8E6E-557B7513B790}
	EndGlobalSection
EndGlobal
